// !$*UTF8*$!
{
	archiveVersion = 1;
	classes = {
	};
	objectVersion = 50;
	objects = {

/* Begin PBXBuildFile section */
		F0778DC725A0BB84007E43D1 /* AppDelegate.swift in Sources */ = {isa = PBXBuildFile; fileRef = F0778DC625A0BB84007E43D1 /* AppDelegate.swift */; };
		F0778DC925A0BB84007E43D1 /* SceneDelegate.swift in Sources */ = {isa = PBXBuildFile; fileRef = F0778DC825A0BB84007E43D1 /* SceneDelegate.swift */; };
		F0778DCB25A0BB84007E43D1 /* ViewController.swift in Sources */ = {isa = PBXBuildFile; fileRef = F0778DCA25A0BB84007E43D1 /* ViewController.swift */; };
		F0778DCE25A0BB84007E43D1 /* Main.storyboard in Resources */ = {isa = PBXBuildFile; fileRef = F0778DCC25A0BB84007E43D1 /* Main.storyboard */; };
		F0778DD025A0BB88007E43D1 /* Assets.xcassets in Resources */ = {isa = PBXBuildFile; fileRef = F0778DCF25A0BB88007E43D1 /* Assets.xcassets */; };
		F0778DD325A0BB88007E43D1 /* LaunchScreen.storyboard in Resources */ = {isa = PBXBuildFile; fileRef = F0778DD125A0BB88007E43D1 /* LaunchScreen.storyboard */; };
/* End PBXBuildFile section */

/* Begin PBXFileReference section */
		F0778DC325A0BB84007E43D1 /* ZigsawPuzzle.app */ = {isa = PBXFileReference; explicitFileType = wrapper.application; includeInIndex = 0; path = ZigsawPuzzle.app; sourceTree = BUILT_PRODUCTS_DIR; };
		F0778DC625A0BB84007E43D1 /* AppDelegate.swift */ = {isa = PBXFileReference; lastKnownFileType = sourcecode.swift; path = AppDelegate.swift; sourceTree = "<group>"; };
		F0778DC825A0BB84007E43D1 /* SceneDelegate.swift */ = {isa = PBXFileReference; lastKnownFileType = sourcecode.swift; path = SceneDelegate.swift; sourceTree = "<group>"; };
		F0778DCA25A0BB84007E43D1 /* ViewController.swift */ = {isa = PBXFileReference; lastKnownFileType = sourcecode.swift; path = ViewController.swift; sourceTree = "<group>"; };
		F0778DCD25A0BB84007E43D1 /* Base */ = {isa = PBXFileReference; lastKnownFileType = file.storyboard; name = Base; path = Base.lproj/Main.storyboard; sourceTree = "<group>"; };
		F0778DCF25A0BB88007E43D1 /* Assets.xcassets */ = {isa = PBXFileReference; lastKnownFileType = folder.assetcatalog; path = Assets.xcassets; sourceTree = "<group>"; };
		F0778DD225A0BB88007E43D1 /* Base */ = {isa = PBXFileReference; lastKnownFileType = file.storyboard; name = Base; path = Base.lproj/LaunchScreen.storyboard; sourceTree = "<group>"; };
		F0778DD425A0BB88007E43D1 /* Info.plist */ = {isa = PBXFileReference; lastKnownFileType = text.plist.xml; path = Info.plist; sourceTree = "<group>"; };
/* End PBXFileReference section */

/* Begin PBXFrameworksBuildPhase section */
		F0778DC025A0BB84007E43D1 /* Frameworks */ = {
			isa = PBXFrameworksBuildPhase;
			buildActionMask = 2147483647;
			files = (
			);
			runOnlyForDeploymentPostprocessing = 0;
		};
/* End PBXFrameworksBuildPhase section */

/* Begin PBXGroup section */
		F0778DBA25A0BB84007E43D1 = {
			isa = PBXGroup;
			children = (
				F0778DC525A0BB84007E43D1 /* ZigsawPuzzle */,
				F0778DC425A0BB84007E43D1 /* Products */,
			);
			sourceTree = "<group>";
		};
		F0778DC425A0BB84007E43D1 /* Products */ = {
			isa = PBXGroup;
			children = (
				F0778DC325A0BB84007E43D1 /* ZigsawPuzzle.app */,
			);
			name = Products;
			sourceTree = "<group>";
		};
		F0778DC525A0BB84007E43D1 /* ZigsawPuzzle */ = {
			isa = PBXGroup;
			children = (
				F0778DC625A0BB84007E43D1 /* AppDelegate.swift */,
				F0778DC825A0BB84007E43D1 /* SceneDelegate.swift */,
				F0778DCA25A0BB84007E43D1 /* ViewController.swift */,
				F0778DCC25A0BB84007E43D1 /* Main.storyboard */,
				F0778DCF25A0BB88007E43D1 /* Assets.xcassets */,
				F0778DD125A0BB88007E43D1 /* LaunchScreen.storyboard */,
				F0778DD425A0BB88007E43D1 /* Info.plist */,
			);
			path = ZigsawPuzzle;
			sourceTree = "<group>";
		};
/* End PBXGroup section */

/* Begin PBXNativeTarget section */
		F0778DC225A0BB84007E43D1 /* ZigsawPuzzle */ = {
			isa = PBXNativeTarget;
			buildConfigurationList = F0778DD725A0BB88007E43D1 /* Build configuration list for PBXNativeTarget "ZigsawPuzzle" */;
			buildPhases = (
				F0778DBF25A0BB84007E43D1 /* Sources */,
				F0778DC025A0BB84007E43D1 /* Frameworks */,
				F0778DC125A0BB84007E43D1 /* Resources */,
			);
			buildRules = (
			);
			dependencies = (
			);
			name = ZigsawPuzzle;
			productName = ZigsawPuzzle;
			productReference = F0778DC325A0BB84007E43D1 /* ZigsawPuzzle.app */;
			productType = "com.apple.product-type.application";
		};
/* End PBXNativeTarget section */

/* Begin PBXProject section */
		F0778DBB25A0BB84007E43D1 /* Project object */ = {
			isa = PBXProject;
			attributes = {
				LastSwiftUpdateCheck = 1150;
				LastUpgradeCheck = 1150;
				ORGANIZATIONNAME = "Dileep Jaiswal";
				TargetAttributes = {
					F0778DC225A0BB84007E43D1 = {
						CreatedOnToolsVersion = 11.5;
					};
				};
			};
			buildConfigurationList = F0778DBE25A0BB84007E43D1 /* Build configuration list for PBXProject "ZigsawPuzzle" */;
			compatibilityVersion = "Xcode 9.3";
			developmentRegion = en;
			hasScannedForEncodings = 0;
			knownRegions = (
				en,
				Base,
			);
			mainGroup = F0778DBA25A0BB84007E43D1;
			productRefGroup = F0778DC425A0BB84007E43D1 /* Products */;
			projectDirPath = "";
			projectRoot = "";
			targets = (
				F0778DC225A0BB84007E43D1 /* ZigsawPuzzle */,
			);
		};
/* End PBXProject section */

/* Begin PBXResourcesBuildPhase section */
		F0778DC125A0BB84007E43D1 /* Resources */ = {
			isa = PBXResourcesBuildPhase;
			buildActionMask = 2147483647;
			files = (
				F0778DD325A0BB88007E43D1 /* LaunchScreen.storyboard in Resources */,
				F0778DD025A0BB88007E43D1 /* Assets.xcassets in Resources */,
				F0778DCE25A0BB84007E43D1 /* Main.storyboard in Resources */,
			);
			runOnlyForDeploymentPostprocessing = 0;
		};
/* End PBXResourcesBuildPhase section */

/* Begin PBXSourcesBuildPhase section */
		F0778DBF25A0BB84007E43D1 /* Sources */ = {
			isa = PBXSourcesBuildPhase;
			buildActionMask = 2147483647;
			files = (
				F0778DCB25A0BB84007E43D1 /* ViewController.swift in Sources */,
				F0778DC725A0BB84007E43D1 /* AppDelegate.swift in Sources */,
				F0778DC925A0BB84007E43D1 /* SceneDelegate.swift in Sources */,
			);
			runOnlyForDeploymentPostprocessing = 0;
		};
/* End PBXSourcesBuildPhase section */

/* Begin PBXVariantGroup section */
		F0778DCC25A0BB84007E43D1 /* Main.storyboard */ = {
			isa = PBXVariantGroup;
			children = (
				F0778DCD25A0BB84007E43D1 /* Base */,
			);
			name = Main.storyboard;
			sourceTree = "<group>";
		};
		F0778DD125A0BB88007E43D1 /* LaunchScreen.storyboard */ = {
			isa = PBXVariantGroup;
			children = (
				F0778DD225A0BB88007E43D1 /* Base */,
			);
			name = LaunchScreen.storyboard;
			sourceTree = "<group>";
		};
/* End PBXVariantGroup section */

/* Begin XCBuildConfiguration section */
		F0778DD525A0BB88007E43D1 /* Debug */ = {
			isa = XCBuildConfiguration;
			buildSettings = {
				ALWAYS_SEARCH_USER_PATHS = NO;
				CLANG_ANALYZER_NONNULL = YES;
				CLANG_ANALYZER_NUMBER_OBJECT_CONVERSION = YES_AGGRESSIVE;
				CLANG_CXX_LANGUAGE_STANDARD = "gnu++14";
				CLANG_CXX_LIBRARY = "libc++";
				CLANG_ENABLE_MODULES = YES;
				CLANG_ENABLE_OBJC_ARC = YES;
				CLANG_ENABLE_OBJC_WEAK = YES;
				CLANG_WARN_BLOCK_CAPTURE_AUTORELEASING = YES;
				CLANG_WARN_BOOL_CONVERSION = YES;
				CLANG_WARN_COMMA = YES;
				CLANG_WARN_CONSTANT_CONVERSION = YES;
				CLANG_WARN_DEPRECATED_OBJC_IMPLEMENTATIONS = YES;
				CLANG_WARN_DIRECT_OBJC_ISA_USAGE = YES_ERROR;
				CLANG_WARN_DOCUMENTATION_COMMENTS = YES;
				CLANG_WARN_EMPTY_BODY = YES;
				CLANG_WARN_ENUM_CONVERSION = YES;
				CLANG_WARN_INFINITE_RECURSION = YES;
				CLANG_WARN_INT_CONVERSION = YES;
				CLANG_WARN_NON_LITERAL_NULL_CONVERSION = YES;
				CLANG_WARN_OBJC_IMPLICIT_RETAIN_SELF = YES;
				CLANG_WARN_OBJC_LITERAL_CONVERSION = YES;
				CLANG_WARN_OBJC_ROOT_CLASS = YES_ERROR;
				CLANG_WARN_RANGE_LOOP_ANALYSIS = YES;
				CLANG_WARN_STRICT_PROTOTYPES = YES;
				CLANG_WARN_SUSPICIOUS_MOVE = YES;
				CLANG_WARN_UNGUARDED_AVAILABILITY = YES_AGGRESSIVE;
				CLANG_WARN_UNREACHABLE_CODE = YES;
				CLANG_WARN__DUPLICATE_METHOD_MATCH = YES;
				COPY_PHASE_STRIP = NO;
				DEBUG_INFORMATION_FORMAT = dwarf;
				ENABLE_STRICT_OBJC_MSGSEND = YES;
				ENABLE_TESTABILITY = YES;
				GCC_C_LANGUAGE_STANDARD = gnu11;
				GCC_DYNAMIC_NO_PIC = NO;
				GCC_NO_COMMON_BLOCKS = YES;
				GCC_OPTIMIZATION_LEVEL = 0;
				GCC_PREPROCESSOR_DEFINITIONS = (
					"DEBUG=1",
					"$(inherited)",
				);
				GCC_WARN_64_TO_32_BIT_CONVERSION = YES;
				GCC_WARN_ABOUT_RETURN_TYPE = YES_ERROR;
				GCC_WARN_UNDECLARED_SELECTOR = YES;
				GCC_WARN_UNINITIALIZED_AUTOS = YES_AGGRESSIVE;
				GCC_WARN_UNUSED_FUNCTION = YES;
				GCC_WARN_UNUSED_VARIABLE = YES;
				IPHONEOS_DEPLOYMENT_TARGET = 13.5;
				MTL_ENABLE_DEBUG_INFO = INCLUDE_SOURCE;
				MTL_FAST_MATH = YES;
				ONLY_ACTIVE_ARCH = YES;
				SDKROOT = iphoneos;
				SWIFT_ACTIVE_COMPILATION_CONDITIONS = DEBUG;
				SWIFT_OPTIMIZATION_LEVEL = "-Onone";
			};
			name = Debug;
		};
		F0778DD625A0BB88007E43D1 /* Release */ = {
			isa = XCBuildConfiguration;
			buildSettings = {
				ALWAYS_SEARCH_USER_PATHS = NO;
				CLANG_ANALYZER_NONNULL = YES;
				CLANG_ANALYZER_NUMBER_OBJECT_CONVERSION = YES_AGGRESSIVE;
				CLANG_CXX_LANGUAGE_STANDARD = "gnu++14";
				CLANG_CXX_LIBRARY = "libc++";
				CLANG_ENABLE_MODULES = YES;
				CLANG_ENABLE_OBJC_ARC = YES;
				CLANG_ENABLE_OBJC_WEAK = YES;
				CLANG_WARN_BLOCK_CAPTURE_AUTORELEASING = YES;
				CLANG_WARN_BOOL_CONVERSION = YES;
				CLANG_WARN_COMMA = YES;
				CLANG_WARN_CONSTANT_CONVERSION = YES;
				CLANG_WARN_DEPRECATED_OBJC_IMPLEMENTATIONS = YES;
				CLANG_WARN_DIRECT_OBJC_ISA_USAGE = YES_ERROR;
				CLANG_WARN_DOCUMENTATION_COMMENTS = YES;
				CLANG_WARN_EMPTY_BODY = YES;
				CLANG_WARN_ENUM_CONVERSION = YES;
				CLANG_WARN_INFINITE_RECURSION = YES;
				CLANG_WARN_INT_CONVERSION = YES;
				CLANG_WARN_NON_LITERAL_NULL_CONVERSION = YES;
				CLANG_WARN_OBJC_IMPLICIT_RETAIN_SELF = YES;
				CLANG_WARN_OBJC_LITERAL_CONVERSION = YES;
				CLANG_WARN_OBJC_ROOT_CLASS = YES_ERROR;
				CLANG_WARN_RANGE_LOOP_ANALYSIS = YES;
				CLANG_WARN_STRICT_PROTOTYPES = YES;
				CLANG_WARN_SUSPICIOUS_MOVE = YES;
				CLANG_WARN_UNGUARDED_AVAILABILITY = YES_AGGRESSIVE;
				CLANG_WARN_UNREACHABLE_CODE = YES;
				CLANG_WARN__DUPLICATE_METHOD_MATCH = YES;
				COPY_PHASE_STRIP = NO;
				DEBUG_INFORMATION_FORMAT = "dwarf-with-dsym";
				ENABLE_NS_ASSERTIONS = NO;
				ENABLE_STRICT_OBJC_MSGSEND = YES;
				GCC_C_LANGUAGE_STANDARD = gnu11;
				GCC_NO_COMMON_BLOCKS = YES;
				GCC_WARN_64_TO_32_BIT_CONVERSION = YES;
				GCC_WARN_ABOUT_RETURN_TYPE = YES_ERROR;
				GCC_WARN_UNDECLARED_SELECTOR = YES;
				GCC_WARN_UNINITIALIZED_AUTOS = YES_AGGRESSIVE;
				GCC_WARN_UNUSED_FUNCTION = YES;
				GCC_WARN_UNUSED_VARIABLE = YES;
				IPHONEOS_DEPLOYMENT_TARGET = 13.5;
				MTL_ENABLE_DEBUG_INFO = NO;
				MTL_FAST_MATH = YES;
				SDKROOT = iphoneos;
				SWIFT_COMPILATION_MODE = wholemodule;
				SWIFT_OPTIMIZATION_LEVEL = "-O";
				VALIDATE_PRODUCT = YES;
			};
			name = Release;
		};
		F0778DD825A0BB88007E43D1 /* Debug */ = {
			isa = XCBuildConfiguration;
			buildSettings = {
				ASSETCATALOG_COMPILER_APPICON_NAME = AppIcon;
				CODE_SIGN_STYLE = Automatic;
				INFOPLIST_FILE = ZigsawPuzzle/Info.plist;
				LD_RUNPATH_SEARCH_PATHS = (
					"$(inherited)",
					"@executable_path/Frameworks",
				);
				PRODUCT_BUNDLE_IDENTIFIER = com.identifier.ZigsawPuzzle;
				PRODUCT_NAME = "$(TARGET_NAME)";
				SWIFT_VERSION = 5.0;
				TARGETED_DEVICE_FAMILY = "1,2";
			};
			name = Debug;
		};
		F0778DD925A0BB88007E43D1 /* Release */ = {
			isa = XCBuildConfiguration;
			buildSettings = {
				ASSETCATALOG_COMPILER_APPICON_NAME = AppIcon;
				CODE_SIGN_STYLE = Automatic;
				INFOPLIST_FILE = ZigsawPuzzle/Info.plist;
				LD_RUNPATH_SEARCH_PATHS = (
					"$(inherited)",
					"@executable_path/Frameworks",
				);
				PRODUCT_BUNDLE_IDENTIFIER = com.identifier.ZigsawPuzzle;
				PRODUCT_NAME = "$(TARGET_NAME)";
				SWIFT_VERSION = 5.0;
				TARGETED_DEVICE_FAMILY = "1,2";
			};
			name = Release;
		};
/* End XCBuildConfiguration section */

/* Begin XCConfigurationList section */
		F0778DBE25A0BB84007E43D1 /* Build configuration list for PBXProject "ZigsawPuzzle" */ = {
			isa = XCConfigurationList;
			buildConfigurations = (
				F0778DD525A0BB88007E43D1 /* Debug */,
				F0778DD625A0BB88007E43D1 /* Release */,
			);
			defaultConfigurationIsVisible = 0;
			defaultConfigurationName = Release;
		};
		F0778DD725A0BB88007E43D1 /* Build configuration list for PBXNativeTarget "ZigsawPuzzle" */ = {
			isa = XCConfigurationList;
			buildConfigurations = (
				F0778DD825A0BB88007E43D1 /* Debug */,
				F0778DD925A0BB88007E43D1 /* Release */,
			);
			defaultConfigurationIsVisible = 0;
			defaultConfigurationName = Release;
		};
/* End XCConfigurationList section */
	};
	rootObject = F0778DBB25A0BB84007E43D1 /* Project object */;
}
